// !$*UTF8*$!
{
	archiveVersion = 1;
	classes = {
	};
	objectVersion = 56;
	objects = {

/* Begin PBXBuildFile section */
		5A66A1C129EF79B400D0C339 /* AppDelegate.swift in Sources */ = {isa = PBXBuildFile; fileRef = 5A66A1C029EF79B400D0C339 /* AppDelegate.swift */; };
		5A66A1C329EF79B400D0C339 /* ViewController.swift in Sources */ = {isa = PBXBuildFile; fileRef = 5A66A1C229EF79B400D0C339 /* ViewController.swift */; };
		5A66A1C529EF79B500D0C339 /* Assets.xcassets in Resources */ = {isa = PBXBuildFile; fileRef = 5A66A1C429EF79B500D0C339 /* Assets.xcassets */; };
		5A66A1C829EF79B500D0C339 /* Main.storyboard in Resources */ = {isa = PBXBuildFile; fileRef = 5A66A1C629EF79B500D0C339 /* Main.storyboard */; };
		5A66A1D029EF7CDD00D0C339 /* personaModelo.swift in Sources */ = {isa = PBXBuildFile; fileRef = 5A66A1CF29EF7CDD00D0C339 /* personaModelo.swift */; };
		5A66A1D229EF804A00D0C339 /* AddClass.swift in Sources */ = {isa = PBXBuildFile; fileRef = 5A66A1D129EF804A00D0C339 /* AddClass.swift */; };
		5A66A1D429EF808000D0C339 /* ShowClass.swift in Sources */ = {isa = PBXBuildFile; fileRef = 5A66A1D329EF808000D0C339 /* ShowClass.swift */; };
/* End PBXBuildFile section */

/* Begin PBXFileReference section */
		5A66A1BD29EF79B400D0C339 /* manejoVC.app */ = {isa = PBXFileReference; explicitFileType = wrapper.application; includeInIndex = 0; path = manejoVC.app; sourceTree = BUILT_PRODUCTS_DIR; };
		5A66A1C029EF79B400D0C339 /* AppDelegate.swift */ = {isa = PBXFileReference; lastKnownFileType = sourcecode.swift; path = AppDelegate.swift; sourceTree = "<group>"; };
		5A66A1C229EF79B400D0C339 /* ViewController.swift */ = {isa = PBXFileReference; lastKnownFileType = sourcecode.swift; path = ViewController.swift; sourceTree = "<group>"; };
		5A66A1C429EF79B500D0C339 /* Assets.xcassets */ = {isa = PBXFileReference; lastKnownFileType = folder.assetcatalog; path = Assets.xcassets; sourceTree = "<group>"; };
		5A66A1C729EF79B500D0C339 /* Base */ = {isa = PBXFileReference; lastKnownFileType = file.storyboard; name = Base; path = Base.lproj/Main.storyboard; sourceTree = "<group>"; };
		5A66A1C929EF79B500D0C339 /* manejoVC.entitlements */ = {isa = PBXFileReference; lastKnownFileType = text.plist.entitlements; path = manejoVC.entitlements; sourceTree = "<group>"; };
		5A66A1CF29EF7CDD00D0C339 /* personaModelo.swift */ = {isa = PBXFileReference; lastKnownFileType = sourcecode.swift; path = personaModelo.swift; sourceTree = SOURCE_ROOT; };
		5A66A1D129EF804A00D0C339 /* AddClass.swift */ = {isa = PBXFileReference; lastKnownFileType = sourcecode.swift; path = AddClass.swift; sourceTree = "<group>"; };
		5A66A1D329EF808000D0C339 /* ShowClass.swift */ = {isa = PBXFileReference; lastKnownFileType = sourcecode.swift; path = ShowClass.swift; sourceTree = "<group>"; };
/* End PBXFileReference section */

/* Begin PBXFrameworksBuildPhase section */
		5A66A1BA29EF79B400D0C339 /* Frameworks */ = {
			isa = PBXFrameworksBuildPhase;
			buildActionMask = 2147483647;
			files = (
			);
			runOnlyForDeploymentPostprocessing = 0;
		};
/* End PBXFrameworksBuildPhase section */

/* Begin PBXGroup section */
		5A66A1B429EF79B400D0C339 = {
			isa = PBXGroup;
			children = (
				5A66A1BF29EF79B400D0C339 /* manejoVC */,
				5A66A1BE29EF79B400D0C339 /* Products */,
			);
			sourceTree = "<group>";
		};
		5A66A1BE29EF79B400D0C339 /* Products */ = {
			isa = PBXGroup;
			children = (
				5A66A1BD29EF79B400D0C339 /* manejoVC.app */,
			);
			name = Products;
			sourceTree = "<group>";
		};
		5A66A1BF29EF79B400D0C339 /* manejoVC */ = {
			isa = PBXGroup;
			children = (
				5A66A1CF29EF7CDD00D0C339 /* personaModelo.swift */,
				5A66A1C029EF79B400D0C339 /* AppDelegate.swift */,
				5A66A1C229EF79B400D0C339 /* ViewController.swift */,
				5A66A1C429EF79B500D0C339 /* Assets.xcassets */,
				5A66A1C629EF79B500D0C339 /* Main.storyboard */,
				5A66A1D329EF808000D0C339 /* ShowClass.swift */,
				5A66A1D129EF804A00D0C339 /* AddClass.swift */,
				5A66A1C929EF79B500D0C339 /* manejoVC.entitlements */,
			);
			path = manejoVC;
			sourceTree = "<group>";
		};
/* End PBXGroup section */

/* Begin PBXNativeTarget section */
		5A66A1BC29EF79B400D0C339 /* manejoVC */ = {
			isa = PBXNativeTarget;
			buildConfigurationList = 5A66A1CC29EF79B500D0C339 /* Build configuration list for PBXNativeTarget "manejoVC" */;
			buildPhases = (
				5A66A1B929EF79B400D0C339 /* Sources */,
				5A66A1BA29EF79B400D0C339 /* Frameworks */,
				5A66A1BB29EF79B400D0C339 /* Resources */,
			);
			buildRules = (
			);
			dependencies = (
			);
			name = manejoVC;
			productName = manejoVC;
			productReference = 5A66A1BD29EF79B400D0C339 /* manejoVC.app */;
			productType = "com.apple.product-type.application";
		};
/* End PBXNativeTarget section */

/* Begin PBXProject section */
		5A66A1B529EF79B400D0C339 /* Project object */ = {
			isa = PBXProject;
			attributes = {
				BuildIndependentTargetsInParallel = 1;
				LastSwiftUpdateCheck = 1430;
				LastUpgradeCheck = 1430;
				TargetAttributes = {
					5A66A1BC29EF79B400D0C339 = {
						CreatedOnToolsVersion = 14.3;
					};
				};
			};
			buildConfigurationList = 5A66A1B829EF79B400D0C339 /* Build configuration list for PBXProject "manejoVC" */;
			compatibilityVersion = "Xcode 14.0";
			developmentRegion = en;
			hasScannedForEncodings = 0;
			knownRegions = (
				en,
				Base,
			);
			mainGroup = 5A66A1B429EF79B400D0C339;
			productRefGroup = 5A66A1BE29EF79B400D0C339 /* Products */;
			projectDirPath = "";
			projectRoot = "";
			targets = (
				5A66A1BC29EF79B400D0C339 /* manejoVC */,
			);
		};
/* End PBXProject section */

/* Begin PBXResourcesBuildPhase section */
		5A66A1BB29EF79B400D0C339 /* Resources */ = {
			isa = PBXResourcesBuildPhase;
			buildActionMask = 2147483647;
			files = (
				5A66A1C529EF79B500D0C339 /* Assets.xcassets in Resources */,
				5A66A1C829EF79B500D0C339 /* Main.storyboard in Resources */,
			);
			runOnlyForDeploymentPostprocessing = 0;
		};
/* End PBXResourcesBuildPhase section */

/* Begin PBXSourcesBuildPhase section */
		5A66A1B929EF79B400D0C339 /* Sources */ = {
			isa = PBXSourcesBuildPhase;
			buildActionMask = 2147483647;
			files = (
				5A66A1D229EF804A00D0C339 /* AddClass.swift in Sources */,
				5A66A1D429EF808000D0C339 /* ShowClass.swift in Sources */,
				5A66A1C329EF79B400D0C339 /* ViewController.swift in Sources */,
				5A66A1C129EF79B400D0C339 /* AppDelegate.swift in Sources */,
				5A66A1D029EF7CDD00D0C339 /* personaModelo.swift in Sources */,
			);
			runOnlyForDeploymentPostprocessing = 0;
		};
/* End PBXSourcesBuildPhase section */

/* Begin PBXVariantGroup section */
		5A66A1C629EF79B500D0C339 /* Main.storyboard */ = {
			isa = PBXVariantGroup;
			children = (
				5A66A1C729EF79B500D0C339 /* Base */,
			);
			name = Main.storyboard;
			sourceTree = "<group>";
		};
/* End PBXVariantGroup section */

/* Begin XCBuildConfiguration section */
		5A66A1CA29EF79B500D0C339 /* Debug */ = {
			isa = XCBuildConfiguration;
			buildSettings = {
				ALWAYS_SEARCH_USER_PATHS = NO;
				CLANG_ANALYZER_NONNULL = YES;
				CLANG_ANALYZER_NUMBER_OBJECT_CONVERSION = YES_AGGRESSIVE;
				CLANG_CXX_LANGUAGE_STANDARD = "gnu++20";
				CLANG_ENABLE_MODULES = YES;
				CLANG_ENABLE_OBJC_ARC = YES;
				CLANG_ENABLE_OBJC_WEAK = YES;
				CLANG_WARN_BLOCK_CAPTURE_AUTORELEASING = YES;
				CLANG_WARN_BOOL_CONVERSION = YES;
				CLANG_WARN_COMMA = YES;
				CLANG_WARN_CONSTANT_CONVERSION = YES;
				CLANG_WARN_DEPRECATED_OBJC_IMPLEMENTATIONS = YES;
				CLANG_WARN_DIRECT_OBJC_ISA_USAGE = YES_ERROR;
				CLANG_WARN_DOCUMENTATION_COMMENTS = YES;
				CLANG_WARN_EMPTY_BODY = YES;
				CLANG_WARN_ENUM_CONVERSION = YES;
				CLANG_WARN_INFINITE_RECURSION = YES;
				CLANG_WARN_INT_CONVERSION = YES;
				CLANG_WARN_NON_LITERAL_NULL_CONVERSION = YES;
				CLANG_WARN_OBJC_IMPLICIT_RETAIN_SELF = YES;
				CLANG_WARN_OBJC_LITERAL_CONVERSION = YES;
				CLANG_WARN_OBJC_ROOT_CLASS = YES_ERROR;
				CLANG_WARN_QUOTED_INCLUDE_IN_FRAMEWORK_HEADER = YES;
				CLANG_WARN_RANGE_LOOP_ANALYSIS = YES;
				CLANG_WARN_STRICT_PROTOTYPES = YES;
				CLANG_WARN_SUSPICIOUS_MOVE = YES;
				CLANG_WARN_UNGUARDED_AVAILABILITY = YES_AGGRESSIVE;
				CLANG_WARN_UNREACHABLE_CODE = YES;
				CLANG_WARN__DUPLICATE_METHOD_MATCH = YES;
				COPY_PHASE_STRIP = NO;
				DEBUG_INFORMATION_FORMAT = dwarf;
				ENABLE_STRICT_OBJC_MSGSEND = YES;
				ENABLE_TESTABILITY = YES;
				GCC_C_LANGUAGE_STANDARD = gnu11;
				GCC_DYNAMIC_NO_PIC = NO;
				GCC_NO_COMMON_BLOCKS = YES;
				GCC_OPTIMIZATION_LEVEL = 0;
				GCC_PREPROCESSOR_DEFINITIONS = (
					"DEBUG=1",
					"$(inherited)",
				);
				GCC_WARN_64_TO_32_BIT_CONVERSION = YES;
				GCC_WARN_ABOUT_RETURN_TYPE = YES_ERROR;
				GCC_WARN_UNDECLARED_SELECTOR = YES;
				GCC_WARN_UNINITIALIZED_AUTOS = YES_AGGRESSIVE;
				GCC_WARN_UNUSED_FUNCTION = YES;
				GCC_WARN_UNUSED_VARIABLE = YES;
				MACOSX_DEPLOYMENT_TARGET = 13.2;
				MTL_ENABLE_DEBUG_INFO = INCLUDE_SOURCE;
				MTL_FAST_MATH = YES;
				ONLY_ACTIVE_ARCH = YES;
				SDKROOT = macosx;
				SWIFT_ACTIVE_COMPILATION_CONDITIONS = DEBUG;
				SWIFT_OPTIMIZATION_LEVEL = "-Onone";
			};
			name = Debug;
		};
		5A66A1CB29EF79B500D0C339 /* Release */ = {
			isa = XCBuildConfiguration;
			buildSettings = {
				ALWAYS_SEARCH_USER_PATHS = NO;
				CLANG_ANALYZER_NONNULL = YES;
				CLANG_ANALYZER_NUMBER_OBJECT_CONVERSION = YES_AGGRESSIVE;
				CLANG_CXX_LANGUAGE_STANDARD = "gnu++20";
				CLANG_ENABLE_MODULES = YES;
				CLANG_ENABLE_OBJC_ARC = YES;
				CLANG_ENABLE_OBJC_WEAK = YES;
				CLANG_WARN_BLOCK_CAPTURE_AUTORELEASING = YES;
				CLANG_WARN_BOOL_CONVERSION = YES;
				CLANG_WARN_COMMA = YES;
				CLANG_WARN_CONSTANT_CONVERSION = YES;
				CLANG_WARN_DEPRECATED_OBJC_IMPLEMENTATIONS = YES;
				CLANG_WARN_DIRECT_OBJC_ISA_USAGE = YES_ERROR;
				CLANG_WARN_DOCUMENTATION_COMMENTS = YES;
				CLANG_WARN_EMPTY_BODY = YES;
				CLANG_WARN_ENUM_CONVERSION = YES;
				CLANG_WARN_INFINITE_RECURSION = YES;
				CLANG_WARN_INT_CONVERSION = YES;
				CLANG_WARN_NON_LITERAL_NULL_CONVERSION = YES;
				CLANG_WARN_OBJC_IMPLICIT_RETAIN_SELF = YES;
				CLANG_WARN_OBJC_LITERAL_CONVERSION = YES;
				CLANG_WARN_OBJC_ROOT_CLASS = YES_ERROR;
				CLANG_WARN_QUOTED_INCLUDE_IN_FRAMEWORK_HEADER = YES;
				CLANG_WARN_RANGE_LOOP_ANALYSIS = YES;
				CLANG_WARN_STRICT_PROTOTYPES = YES;
				CLANG_WARN_SUSPICIOUS_MOVE = YES;
				CLANG_WARN_UNGUARDED_AVAILABILITY = YES_AGGRESSIVE;
				CLANG_WARN_UNREACHABLE_CODE = YES;
				CLANG_WARN__DUPLICATE_METHOD_MATCH = YES;
				COPY_PHASE_STRIP = NO;
				DEBUG_INFORMATION_FORMAT = "dwarf-with-dsym";
				ENABLE_NS_ASSERTIONS = NO;
				ENABLE_STRICT_OBJC_MSGSEND = YES;
				GCC_C_LANGUAGE_STANDARD = gnu11;
				GCC_NO_COMMON_BLOCKS = YES;
				GCC_WARN_64_TO_32_BIT_CONVERSION = YES;
				GCC_WARN_ABOUT_RETURN_TYPE = YES_ERROR;
				GCC_WARN_UNDECLARED_SELECTOR = YES;
				GCC_WARN_UNINITIALIZED_AUTOS = YES_AGGRESSIVE;
				GCC_WARN_UNUSED_FUNCTION = YES;
				GCC_WARN_UNUSED_VARIABLE = YES;
				MACOSX_DEPLOYMENT_TARGET = 13.2;
				MTL_ENABLE_DEBUG_INFO = NO;
				MTL_FAST_MATH = YES;
				SDKROOT = macosx;
				SWIFT_COMPILATION_MODE = wholemodule;
				SWIFT_OPTIMIZATION_LEVEL = "-O";
			};
			name = Release;
		};
		5A66A1CD29EF79B500D0C339 /* Debug */ = {
			isa = XCBuildConfiguration;
			buildSettings = {
				ASSETCATALOG_COMPILER_APPICON_NAME = AppIcon;
				ASSETCATALOG_COMPILER_GLOBAL_ACCENT_COLOR_NAME = AccentColor;
				CODE_SIGN_ENTITLEMENTS = manejoVC/manejoVC.entitlements;
				CODE_SIGN_STYLE = Automatic;
				COMBINE_HIDPI_IMAGES = YES;
				CURRENT_PROJECT_VERSION = 1;
				GENERATE_INFOPLIST_FILE = YES;
				INFOPLIST_KEY_NSHumanReadableCopyright = "";
				INFOPLIST_KEY_NSMainStoryboardFile = Main;
				INFOPLIST_KEY_NSPrincipalClass = NSApplication;
				LD_RUNPATH_SEARCH_PATHS = (
					"$(inherited)",
					"@executable_path/../Frameworks",
				);
				MARKETING_VERSION = 1.0;
				PRODUCT_BUNDLE_IDENTIFIER = org.miguel.manejoVC;
				PRODUCT_NAME = "$(TARGET_NAME)";
				SWIFT_EMIT_LOC_STRINGS = YES;
				SWIFT_VERSION = 5.0;
			};
			name = Debug;
		};
		5A66A1CE29EF79B500D0C339 /* Release */ = {
			isa = XCBuildConfiguration;
			buildSettings = {
				ASSETCATALOG_COMPILER_APPICON_NAME = AppIcon;
				ASSETCATALOG_COMPILER_GLOBAL_ACCENT_COLOR_NAME = AccentColor;
				CODE_SIGN_ENTITLEMENTS = manejoVC/manejoVC.entitlements;
				CODE_SIGN_STYLE = Automatic;
				COMBINE_HIDPI_IMAGES = YES;
				CURRENT_PROJECT_VERSION = 1;
				GENERATE_INFOPLIST_FILE = YES;
				INFOPLIST_KEY_NSHumanReadableCopyright = "";
				INFOPLIST_KEY_NSMainStoryboardFile = Main;
				INFOPLIST_KEY_NSPrincipalClass = NSApplication;
				LD_RUNPATH_SEARCH_PATHS = (
					"$(inherited)",
					"@executable_path/../Frameworks",
				);
				MARKETING_VERSION = 1.0;
				PRODUCT_BUNDLE_IDENTIFIER = org.miguel.manejoVC;
				PRODUCT_NAME = "$(TARGET_NAME)";
				SWIFT_EMIT_LOC_STRINGS = YES;
				SWIFT_VERSION = 5.0;
			};
			name = Release;
		};
/* End XCBuildConfiguration section */

/* Begin XCConfigurationList section */
		5A66A1B829EF79B400D0C339 /* Build configuration list for PBXProject "manejoVC" */ = {
			isa = XCConfigurationList;
			buildConfigurations = (
				5A66A1CA29EF79B500D0C339 /* Debug */,
				5A66A1CB29EF79B500D0C339 /* Release */,
			);
			defaultConfigurationIsVisible = 0;
			defaultConfigurationName = Release;
		};
		5A66A1CC29EF79B500D0C339 /* Build configuration list for PBXNativeTarget "manejoVC" */ = {
			isa = XCConfigurationList;
			buildConfigurations = (
				5A66A1CD29EF79B500D0C339 /* Debug */,
				5A66A1CE29EF79B500D0C339 /* Release */,
			);
			defaultConfigurationIsVisible = 0;
			defaultConfigurationName = Release;
		};
/* End XCConfigurationList section */
	};
	rootObject = 5A66A1B529EF79B400D0C339 /* Project object */;
}
